
Microsoft Visual Studio Solution File, Format Version 12.00
# Visual Studio Version 17
VisualStudioVersion = 17.13.35931.197
MinimumVisualStudioVersion = 10.0.40219.1
Project("{FAE04EC0-301F-11D3-BF4B-00C04F79EFBC}") = "Acly.Assembler", "Acly.Assembler\Acly.Assembler.csproj", "{40DBB7C0-0F32-4301-B09B-72D6FAAF82E1}"
EndProject
Project("{FAE04EC0-301F-11D3-BF4B-00C04F79EFBC}") = "Acly.AssemblerTests", "Acly.AssemblerTests\Acly.AssemblerTests.csproj", "{6F562354-092A-4515-90DC-DD245D28841E}"
EndProject
Project("{2150E333-8FDC-42A3-9474-1A3956D46DE8}") = "Demos", "Demos", "{36D591C7-65C7-A0D1-1CBC-10CDE441BDC8}"
EndProject
Project("{FAE04EC0-301F-11D3-BF4B-00C04F79EFBC}") = "Acly.Assembler.Demos.Bootloader16", "Acly.Assembler.Demos.Bootloader16\Acly.Assembler.Demos.Bootloader16.csproj", "{74DC8B25-8079-463B-9F26-88153699EB68}"
EndProject
Project("{FAE04EC0-301F-11D3-BF4B-00C04F79EFBC}") = "Acly.Assembler.Demos.Bootloader32", "Acly.Assembler.Demos.Bootloader32\Acly.Assembler.Demos.Bootloader32.csproj", "{7AEB7592-C914-4001-A5D3-13F3DC25C9F8}"
EndProject
Project("{FAE04EC0-301F-11D3-BF4B-00C04F79EFBC}") = "Acly.Assembler.Demos.BiosMessage", "Acly.Assembler.Demos.BiosMessage\Acly.Assembler.Demos.BiosMessage.csproj", "{252C20AB-9F50-40B0-93A7-57BB10784C72}"
EndProject
Project("{2150E333-8FDC-42A3-9474-1A3956D46DE8}") = "StandardLibrary", "StandardLibrary", "{6E00F0B4-93AA-4254-9832-7EE5B15DCD8A}"
EndProject
Project("{FAE04EC0-301F-11D3-BF4B-00C04F79EFBC}") = "Acly.System", "Acly.System\Acly.System.csproj", "{E8A7E38D-C606-4DA2-B0C6-27613E921709}"
EndProject
Project("{FAE04EC0-301F-11D3-BF4B-00C04F79EFBC}") = "Acly.Demos.NoStd", "Acly.Demos.NoStd\Acly.Demos.NoStd.csproj", "{76A3C823-22C9-4DBA-8EF8-5174B3CC9D5F}"
EndProject
Project("{FAE04EC0-301F-11D3-BF4B-00C04F79EFBC}") = "Acly.Demos.NoStdLoader", "Acly.Demos.NoStdLoader\Acly.Demos.NoStdLoader.csproj", "{BF34AE6A-194D-4629-AE76-34CFF935A458}"
EndProject
Global
	GlobalSection(SolutionConfigurationPlatforms) = preSolution
		Debug|Any CPU = Debug|Any CPU
		Release|Any CPU = Release|Any CPU
	EndGlobalSection
	GlobalSection(ProjectConfigurationPlatforms) = postSolution
		{40DBB7C0-0F32-4301-B09B-72D6FAAF82E1}.Debug|Any CPU.ActiveCfg = Debug|Any CPU
		{40DBB7C0-0F32-4301-B09B-72D6FAAF82E1}.Debug|Any CPU.Build.0 = Debug|Any CPU
		{40DBB7C0-0F32-4301-B09B-72D6FAAF82E1}.Release|Any CPU.ActiveCfg = Release|Any CPU
		{40DBB7C0-0F32-4301-B09B-72D6FAAF82E1}.Release|Any CPU.Build.0 = Release|Any CPU
		{6F562354-092A-4515-90DC-DD245D28841E}.Debug|Any CPU.ActiveCfg = Debug|Any CPU
		{6F562354-092A-4515-90DC-DD245D28841E}.Debug|Any CPU.Build.0 = Debug|Any CPU
		{6F562354-092A-4515-90DC-DD245D28841E}.Release|Any CPU.ActiveCfg = Release|Any CPU
		{6F562354-092A-4515-90DC-DD245D28841E}.Release|Any CPU.Build.0 = Release|Any CPU
		{74DC8B25-8079-463B-9F26-88153699EB68}.Debug|Any CPU.ActiveCfg = Debug|Any CPU
		{74DC8B25-8079-463B-9F26-88153699EB68}.Debug|Any CPU.Build.0 = Debug|Any CPU
		{74DC8B25-8079-463B-9F26-88153699EB68}.Release|Any CPU.ActiveCfg = Release|Any CPU
		{74DC8B25-8079-463B-9F26-88153699EB68}.Release|Any CPU.Build.0 = Release|Any CPU
		{7AEB7592-C914-4001-A5D3-13F3DC25C9F8}.Debug|Any CPU.ActiveCfg = Debug|Any CPU
		{7AEB7592-C914-4001-A5D3-13F3DC25C9F8}.Debug|Any CPU.Build.0 = Debug|Any CPU
		{7AEB7592-C914-4001-A5D3-13F3DC25C9F8}.Release|Any CPU.ActiveCfg = Release|Any CPU
		{7AEB7592-C914-4001-A5D3-13F3DC25C9F8}.Release|Any CPU.Build.0 = Release|Any CPU
		{252C20AB-9F50-40B0-93A7-57BB10784C72}.Debug|Any CPU.ActiveCfg = Debug|Any CPU
		{252C20AB-9F50-40B0-93A7-57BB10784C72}.Debug|Any CPU.Build.0 = Debug|Any CPU
		{252C20AB-9F50-40B0-93A7-57BB10784C72}.Release|Any CPU.ActiveCfg = Release|Any CPU
		{252C20AB-9F50-40B0-93A7-57BB10784C72}.Release|Any CPU.Build.0 = Release|Any CPU
		{E8A7E38D-C606-4DA2-B0C6-27613E921709}.Debug|Any CPU.ActiveCfg = Debug|Any CPU
		{E8A7E38D-C606-4DA2-B0C6-27613E921709}.Debug|Any CPU.Build.0 = Debug|Any CPU
		{E8A7E38D-C606-4DA2-B0C6-27613E921709}.Release|Any CPU.ActiveCfg = Release|Any CPU
		{E8A7E38D-C606-4DA2-B0C6-27613E921709}.Release|Any CPU.Build.0 = Release|Any CPU
		{76A3C823-22C9-4DBA-8EF8-5174B3CC9D5F}.Debug|Any CPU.ActiveCfg = Debug|Any CPU
		{76A3C823-22C9-4DBA-8EF8-5174B3CC9D5F}.Debug|Any CPU.Build.0 = Debug|Any CPU
		{76A3C823-22C9-4DBA-8EF8-5174B3CC9D5F}.Release|Any CPU.ActiveCfg = Release|Any CPU
		{76A3C823-22C9-4DBA-8EF8-5174B3CC9D5F}.Release|Any CPU.Build.0 = Release|Any CPU
		{BF34AE6A-194D-4629-AE76-34CFF935A458}.Debug|Any CPU.ActiveCfg = Debug|Any CPU
		{BF34AE6A-194D-4629-AE76-34CFF935A458}.Debug|Any CPU.Build.0 = Debug|Any CPU
		{BF34AE6A-194D-4629-AE76-34CFF935A458}.Release|Any CPU.ActiveCfg = Release|Any CPU
		{BF34AE6A-194D-4629-AE76-34CFF935A458}.Release|Any CPU.Build.0 = Release|Any CPU
	EndGlobalSection
	GlobalSection(SolutionProperties) = preSolution
		HideSolutionNode = FALSE
	EndGlobalSection
	GlobalSection(NestedProjects) = preSolution
		{74DC8B25-8079-463B-9F26-88153699EB68} = {36D591C7-65C7-A0D1-1CBC-10CDE441BDC8}
		{7AEB7592-C914-4001-A5D3-13F3DC25C9F8} = {36D591C7-65C7-A0D1-1CBC-10CDE441BDC8}
		{252C20AB-9F50-40B0-93A7-57BB10784C72} = {36D591C7-65C7-A0D1-1CBC-10CDE441BDC8}
		{E8A7E38D-C606-4DA2-B0C6-27613E921709} = {6E00F0B4-93AA-4254-9832-7EE5B15DCD8A}
		{76A3C823-22C9-4DBA-8EF8-5174B3CC9D5F} = {36D591C7-65C7-A0D1-1CBC-10CDE441BDC8}
		{BF34AE6A-194D-4629-AE76-34CFF935A458} = {36D591C7-65C7-A0D1-1CBC-10CDE441BDC8}
	EndGlobalSection
	GlobalSection(ExtensibilityGlobals) = postSolution
		SolutionGuid = {65EB830A-AAD4-4B83-9650-9662AB84878C}
	EndGlobalSection
EndGlobal
